
Microsoft Visual Studio Solution File, Format Version 12.00
# Visual Studio 14
VisualStudioVersion = 14.0.24720.0
MinimumVisualStudioVersion = 10.0.40219.1
Project("{FAE04EC0-301F-11D3-BF4B-00C04F79EFBC}") = "ExAs", "src\ExAs\ExAs.csproj", "{67692418-EF4F-4C04-980F-B6FE872E79AA}"
EndProject
Project("{FAE04EC0-301F-11D3-BF4B-00C04F79EFBC}") = "ExAs.Tests", "tests\ExAs.Tests\ExAs.Tests.csproj", "{66243631-ED19-4AF3-8416-DE0B3F50B8F8}"
EndProject
Project("{2150E333-8FDC-42A3-9474-1A3956D46DE8}") = "Documentation", "Documentation", "{84350C44-AE33-4AA0-808E-846686726F66}"
	ProjectSection(SolutionItems) = preProject
		README.md = README.md
	EndProjectSection
EndProject
Global
	GlobalSection(SolutionConfigurationPlatforms) = preSolution
		Debug|Any CPU = Debug|Any CPU
		Release|Any CPU = Release|Any CPU
	EndGlobalSection
	GlobalSection(ProjectConfigurationPlatforms) = postSolution
		{67692418-EF4F-4C04-980F-B6FE872E79AA}.Debug|Any CPU.ActiveCfg = Debug|Any CPU
		{67692418-EF4F-4C04-980F-B6FE872E79AA}.Debug|Any CPU.Build.0 = Debug|Any CPU
		{67692418-EF4F-4C04-980F-B6FE872E79AA}.Release|Any CPU.ActiveCfg = Release|Any CPU
		{67692418-EF4F-4C04-980F-B6FE872E79AA}.Release|Any CPU.Build.0 = Release|Any CPU
		{66243631-ED19-4AF3-8416-DE0B3F50B8F8}.Debug|Any CPU.ActiveCfg = Debug|Any CPU
		{66243631-ED19-4AF3-8416-DE0B3F50B8F8}.Debug|Any CPU.Build.0 = Debug|Any CPU
		{66243631-ED19-4AF3-8416-DE0B3F50B8F8}.Release|Any CPU.ActiveCfg = Release|Any CPU
		{66243631-ED19-4AF3-8416-DE0B3F50B8F8}.Release|Any CPU.Build.0 = Release|Any CPU
	EndGlobalSection
	GlobalSection(SolutionProperties) = preSolution
		HideSolutionNode = FALSE
	EndGlobalSection
EndGlobal
